{
 "cause_tags": [
  "手順の自己改変",
  "既知の罠を記憶で回避",
  "未検証の断定",
  "片側だけ更新",
  "自己承認"
 ],
 "checks": [
  ".git直接書き換えの見張りが消えた",
  "2回目の違反で作業停止中",
  "CIが失敗しても止まらない",
  "CIのワークフローが無い",
  "CIの検査が抜けている",
  "LINKED_SKILLS",
  "PreToolUseがBashだけ",
  "PreToolUseがBashを見ていない",
  "PreToolUseの設定が壊れている",
  "PreToolUseの設定が無い",
  "PreToolUseの配線が消えた",
  "S以上でページ無し",
  "afterSkill不一致",
  "categoryLinks漏れ",
  "effectShortの接頭辞",
  "effectSummaryが伏せ字",
  "ownHiddenCandidate不整合",
  "ownHiddenCandidate未設定",
  "skillDetailに読点",
  "slotが実枠と違う",
  "slotの独自語",
  "sourceCharactersのdb",
  "synthesisTableの行数",
  "trTableの段飛び",
  "くじの武将が正本に無い",
  "くじの武将別の内訳が確率と合わない",
  "くじの武将名が正本と違う",
  "くじの確率の合計が100%でない",
  "サイト上の出典言及",
  "シミュにパラレルが無い",
  "シミュのcost未設定",
  "シミュの名前が正本と違う",
  "スキルの持ち主が噛み合わない",
  "スキルの持ち主が正本に無い",
  "スキル側が効果を落としている",
  "データ内のHTMLタグ",
  "ドット付きランク",
  "フィールドの省略",
  "フックが正本と違う",
  "ページの配列が正本と違う",
  "ランクの表記が表に無い",
  "ルールと検査の対応が追えない",
  "ルールと検査の対応の上限が無い",
  "ルール件数の表記ずれ",
  "ルール検査が例外で落ちた",
  "ルール索引が実態より狭い",
  "ルール索引の検査が動かない",
  "レッドチームが本物を触った",
  "レッドチームの回が閉じていない",
  "レッドチームの回を中断した",
  "レッドチームの始末の記録が宙に浮いている",
  "レッドチームの見張りが消えた",
  "レッドチームの記録が書き換えられた",
  "一覧の効果が正本と違う",
  "一覧の逆引き同期漏れ",
  "保護を外す操作の見張りが消えた",
  "個人設定が壊れている",
  "個人設定が門番を上書きしている",
  "参照先のスキルページが無い",
  "合成表なしで検証済み",
  "合成表のランクがスキルと違う",
  "同じレアリティに同名",
  "廃止した情報源が手順に残っている",
  "未確認の根拠なし",
  "未計算式",
  "棚卸しの期限切れ",
  "棚卸しの記録が無い",
  "模倣不可の位置",
  "横スクロール対策の欠落",
  "武将側が効果を落としている",
  "武将名の表記ゆれ",
  "監査に足したチェックが実在しない",
  "監査に足した根拠が書式外",
  "確率が武将により違う",
  "確率に+が付いている",
  "移植前の数値矛盾",
  "移植後がS1と不一致",
  "移植後の性能未設定",
  "移植後の数値矛盾",
  "統率の表記が表に無い",
  "足したチェックに自己テストが無い",
  "逆引き漏れ",
  "違反ログに未対応が残っている",
  "違反ログのIDが索引に無い",
  "違反ログのタグが空",
  "違反ログのタグが表に無い",
  "違反ログの区分が不正",
  "違反ログの行を解釈できない",
  "違反ログを読めない",
  "重複登録",
  "錠前の検査が動かない",
  "鍛錬が無いのに空のTR段がある",
  "鍛錬なしと書けるのに書いていない",
  "鍛錬の無いレアリティにTRがある",
  "門番の対がずれている",
  "門番名だけで済ませている"
 ],
 "entry_counts": {
  "characters-do.html": 23,
  "characters-jo.html": 271,
  "characters-ketsu.html": 13,
  "characters-kyoku-ps.html": 499,
  "characters-kyoku.html": 425,
  "characters-parallel.html": 36,
  "characters-toku-s.html": 28,
  "characters-toku.html": 694,
  "characters-ue.html": 323,
  "characters.html": 385
 },
 "hooks": {
  ".claude/settings.json": "832b94d082d3c587",
  ".github/workflows/rules.yml": "2ce549131fad1b42",
  "docs/RULE-OPERATION.md": "1dac7b05c28e0905",
  "docs/RULES.md": "8dd8189784dc0d50",
  "docs/branch-protection.json": "1b6646eff8b9de0c",
  "docs/redteam-brief.md": "6f15522aba6c0970",
  "docs/rollback-floor.txt": "d768999b655e8351",
  "tools/audit_characters.py": "8653ca667cb1a67b",
  "tools/audit_selftest.py": "6ec1f15292bded98",
  "tools/build_data.py": "8f59209d67c20a62",
  "tools/check_generated.py": "a027fdefcbbe7d11",
  "tools/check_js.py": "f526e38ba6043f3d",
  "tools/extract_data.py": "76e0b880bc19f0e6",
  "tools/gate_selftest.py": "7d3ee05f0eb7a10a",
  "tools/gen_detail_pages.py": "69f4d61658c12c17",
  "tools/hooks/_cmdline.py": "33fbd86e8b1f513f",
  "tools/hooks/no_git_internal_write.py": "61f1b6309f85eced",
  "tools/hooks/no_heredoc_backslash.py": "e5dc0f0c1dc8d072",
  "tools/hooks/no_protection_bypass.py": "fa8dcec1879bb0b8",
  "tools/hooks/no_redteam_write.py": "a64154e49ec51810",
  "tools/hooks/pre-commit": "2ae91d4bb2d92553",
  "tools/hooks/pre-merge-commit": "e20028535f505174",
  "tools/hooks/pre-push": "c7014b19225519af",
  "tools/install_hooks.py": "357923f6cda1044a",
  "tools/lock.py": "240851fa75d6df3c",
  "tools/precommit_check.py": "428536a8a3a92925",
  "tools/prerender.py": "d04d71c74681f758",
  "tools/redteam.py": "9ff91ee6dde7f44c",
  "tools/reset_marks.py": "44be1e49d5f3f323",
  "tools/reslog.py": "5461df3a6d4ae611",
  "tools/reslog_legacy.txt": "c49dba80f6b47af1",
  "tools/rollback_reviewed.py": "afac0680cab6ade1",
  "tools/rule_link_gap.txt": "fb2d6432e7245309",
  "tools/rules.py": "ad303db93edfabbe",
  "tools/selftest_uncovered.txt": "6a15b2296aab937d",
  "tools/verify_extract.py": "91c4dae6f22fcd85"
 },
 "present": [
  "docs/RULE-VIOLATIONS.md",
  "docs/redteam-log.txt",
  "tools/audit_baseline.json",
  "tools/audit_baseline_reason.txt",
  "tools/lock_reason.txt",
  "tools/research_log.json"
 ],
 "rule_ids": [
  "C-01",
  "C-02",
  "C-03",
  "C-04",
  "D-01",
  "D-02",
  "D-03",
  "D-04",
  "D-05",
  "D-06",
  "D-07",
  "D-08",
  "D-09",
  "D-10",
  "D-11",
  "D-12",
  "D-13",
  "D-14",
  "D-15",
  "D-16",
  "D-17",
  "F-01",
  "F-02",
  "F-03",
  "F-04",
  "F-05",
  "F-06",
  "F-07",
  "I-01",
  "I-02",
  "I-03",
  "I-04",
  "I-05",
  "I-06",
  "I-07",
  "I-08",
  "P-01",
  "P-02",
  "P-03",
  "P-04",
  "P-05",
  "R-01",
  "R-02",
  "R-03",
  "R-04",
  "R-05",
  "R-06",
  "R-07",
  "R-08",
  "R-09",
  "S-01",
  "S-02",
  "S-03",
  "S-04",
  "S-05",
  "S-06",
  "S-07",
  "S-08",
  "S-09",
  "S-10",
  "S-11",
  "S-12",
  "S-13",
  "S-14",
  "S-15",
  "S-16",
  "T-01",
  "T-02",
  "T-03",
  "T-04",
  "T-05",
  "T-06",
  "T-07",
  "T-08",
  "T-09",
  "V-01",
  "V-02",
  "V-03",
  "V-04",
  "V-05",
  "V-06",
  "V-07",
  "W-01",
  "W-02",
  "W-03",
  "W-04",
  "W-05",
  "W-06",
  "W-07",
  "W-08",
  "W-09",
  "W-10",
  "W-11",
  "W-12",
  "W-13",
  "W-14"
 ],
 "violations": {
  "2026-08-12|I-01": "dc737a3ff75ed4a4",
  "2026-08-12|S-01": "e8ebaf89bf471203",
  "2026-08-12|T-01": "3ef51bcee736fbef",
  "2026-08-12|W-13": "330513a2bb0b168a",
  "2026-08-12|W-14": "e7cdb638e25cefa7",
  "2026-08-13|I-01": "36969edaf44e57a7",
  "2026-08-19|S-14": "4da9aa9bc1f37d8f"
 }
}